PODS:
  - audioplayers_darwin (0.0.1):
    - FlutterMacOS
  - desktop_window (0.0.1):
    - FlutterMacOS
  - FlutterMacOS (1.0.0)
  - path_provider_foundation (0.0.1):
    - Flutter
    - FlutterMacOS
  - url_launcher_macos (0.0.1):
    - FlutterMacOS

DEPENDENCIES:
  - audioplayers_darwin (from `Flutter/ephemeral/.symlinks/plugins/audioplayers_darwin/macos`)
  - desktop_window (from `Flutter/ephemeral/.symlinks/plugins/desktop_window/macos`)
  - FlutterMacOS (from `Flutter/ephemeral`)
  - path_provider_foundation (from `Flutter/ephemeral/.symlinks/plugins/path_provider_foundation/darwin`)
  - url_launcher_macos (from `Flutter/ephemeral/.symlinks/plugins/url_launcher_macos/macos`)

EXTERNAL SOURCES:
  audioplayers_darwin:
    :path: Flutter/ephemeral/.symlinks/plugins/audioplayers_darwin/macos
  desktop_window:
    :path: Flutter/ephemeral/.symlinks/plugins/desktop_window/macos
  FlutterMacOS:
    :path: Flutter/ephemeral
  path_provider_foundation:
    :path: Flutter/ephemeral/.symlinks/plugins/path_provider_foundation/darwin
  url_launcher_macos:
    :path: Flutter/ephemeral/.symlinks/plugins/url_launcher_macos/macos

SPEC CHECKSUMS:
  audioplayers_darwin: dcad41de4fbd0099cb3749f7ab3b0cb8f70b810c
  desktop_window: fb7c4f12c1129f947ac482296b6f14059d57a3c3
  FlutterMacOS: 8f6f14fa908a6fb3fba0cd85dbd81ec4b251fb24
  path_provider_foundation: 3784922295ac71e43754bd15e0653ccfd36a147c
  url_launcher_macos: d2691c7dd33ed713bf3544850a623080ec693d95

PODFILE CHECKSUM: 236401fc2c932af29a9fcf0e97baeeb2d750d367

COCOAPODS: 1.15.2
